
Microsoft Visual Studio Solution File, Format Version 12.00
# Visual Studio Version 17
VisualStudioVersion = 17.9.34701.34
MinimumVisualStudioVersion = 10.0.40219.1
Project("{FAE04EC0-301F-11D3-BF4B-00C04F79EFBC}") = "ContactList", "ContactList\ContactList.csproj", "{BFB77E6C-117F-40DD-8188-928876BC8C4E}"
EndProject
Project("{FAE04EC0-301F-11D3-BF4B-00C04F79EFBC}") = "ContactList.Tests", "ContactList.Tests\ContactList.Tests.csproj", "{D3A076F4-FD71-4FF6-8A90-359C1B920A43}"
EndProject
Global
	GlobalSection(SolutionConfigurationPlatforms) = preSolution
		Debug|Any CPU = Debug|Any CPU
		Release|Any CPU = Release|Any CPU
	EndGlobalSection
	GlobalSection(ProjectConfigurationPlatforms) = postSolution
		{BFB77E6C-117F-40DD-8188-928876BC8C4E}.Debug|Any CPU.ActiveCfg = Debug|Any CPU
		{BFB77E6C-117F-40DD-8188-928876BC8C4E}.Debug|Any CPU.Build.0 = Debug|Any CPU
		{BFB77E6C-117F-40DD-8188-928876BC8C4E}.Release|Any CPU.ActiveCfg = Release|Any CPU
		{BFB77E6C-117F-40DD-8188-928876BC8C4E}.Release|Any CPU.Build.0 = Release|Any CPU
		{D3A076F4-FD71-4FF6-8A90-359C1B920A43}.Debug|Any CPU.ActiveCfg = Debug|Any CPU
		{D3A076F4-FD71-4FF6-8A90-359C1B920A43}.Debug|Any CPU.Build.0 = Debug|Any CPU
		{D3A076F4-FD71-4FF6-8A90-359C1B920A43}.Release|Any CPU.ActiveCfg = Release|Any CPU
		{D3A076F4-FD71-4FF6-8A90-359C1B920A43}.Release|Any CPU.Build.0 = Release|Any CPU
	EndGlobalSection
	GlobalSection(SolutionProperties) = preSolution
		HideSolutionNode = FALSE
	EndGlobalSection
	GlobalSection(ExtensibilityGlobals) = postSolution
		SolutionGuid = {C01067A9-7A66-4C71-AC2B-205C34C5D9C3}
	EndGlobalSection
EndGlobal
